# THIS IS AN AUTOGENERATED FILE. DO NOT EDIT THIS FILE DIRECTLY.
# yarn lockfile v1


ansi-styles@^3.2.1:
  version "3.2.1"
  resolved "https://registry.yarnpkg.com/ansi-styles/-/ansi-styles-3.2.1.tgz#41fbb20243e50b12be0f04b8dedbf07520ce841d"
  dependencies:
    color-convert "^1.9.0"

autoprefixer@^7.1.1:
  version "7.2.6"
  resolved "https://registry.yarnpkg.com/autoprefixer/-/autoprefixer-7.2.6.tgz#256672f86f7c735da849c4f07d008abb056067dc"
  dependencies:
    browserslist "^2.11.3"
    caniuse-lite "^1.0.30000805"
    normalize-range "^0.1.2"
    num2fraction "^1.2.2"
    postcss "^6.0.17"
    postcss-value-parser "^3.2.3"

babel-runtime@^6.23.0:
  version "6.26.0"
  resolved "https://registry.yarnpkg.com/babel-runtime/-/babel-runtime-6.26.0.tgz#965c7058668e82b55d7bfe04ff2337bc8b5647fe"
  dependencies:
    core-js "^2.4.0"
    regenerator-runtime "^0.11.0"

balanced-match@0.1.0:
  version "0.1.0"
  resolved "https://registry.yarnpkg.com/balanced-match/-/balanced-match-0.1.0.tgz#b504bd05869b39259dd0c5efc35d843176dccc4a"

balanced-match@^0.4.2:
  version "0.4.2"
  resolved "https://registry.yarnpkg.com/balanced-match/-/balanced-match-0.4.2.tgz#cb3f3e3c732dc0f01ee70b403f302e61d7709838"

balanced-match@^1.0.0:
  version "1.0.0"
  resolved "https://registry.yarnpkg.com/balanced-match/-/balanced-match-1.0.0.tgz#89b4d199ab2bee49de164ea02b89ce462d71b767"

browserslist@^2.0.0, browserslist@^2.11.3:
  version "2.11.3"
  resolved "https://registry.yarnpkg.com/browserslist/-/browserslist-2.11.3.tgz#fe36167aed1bbcde4827ebfe71347a2cc70b99b2"
  dependencies:
    caniuse-lite "^1.0.30000792"
    electron-to-chromium "^1.3.30"

caniuse-api@^2.0.0:
  version "2.0.0"
  resolved "https://registry.yarnpkg.com/caniuse-api/-/caniuse-api-2.0.0.tgz#b1ddb5a5966b16f48dc4998444d4bbc6c7d9d834"
  dependencies:
    browserslist "^2.0.0"
    caniuse-lite "^1.0.0"
    lodash.memoize "^4.1.2"
    lodash.uniq "^4.5.0"

caniuse-lite@^1.0.0, caniuse-lite@^1.0.30000697, caniuse-lite@^1.0.30000792, caniuse-lite@^1.0.30000805:
  version "1.0.30000865"
  resolved "https://registry.yarnpkg.com/caniuse-lite/-/caniuse-lite-1.0.30000865.tgz#70026616e8afe6e1442f8bb4e1092987d81a2f25"

chalk@^2.0.1, chalk@^2.4.1:
  version "2.4.1"
  resolved "https://registry.yarnpkg.com/chalk/-/chalk-2.4.1.tgz#18c49ab16a037b6eb0152cc83e3471338215b66e"
  dependencies:
    ansi-styles "^3.2.1"
    escape-string-regexp "^1.0.5"
    supports-color "^5.3.0"

clone@^1.0.2:
  version "1.0.4"
  resolved "https://registry.yarnpkg.com/clone/-/clone-1.0.4.tgz#da309cc263df15994c688ca902179ca3c7cd7c7e"

color-convert@^1.3.0, color-convert@^1.8.2, color-convert@^1.9.0, color-convert@^1.9.1:
  version "1.9.2"
  resolved "https://registry.yarnpkg.com/color-convert/-/color-convert-1.9.2.tgz#49881b8fba67df12a96bdf3f56c0aab9e7913147"
  dependencies:
    color-name "1.1.1"

color-name@1.1.1:
  version "1.1.1"
  resolved "https://registry.yarnpkg.com/color-name/-/color-name-1.1.1.tgz#4b1415304cf50028ea81643643bd82ea05803689"

color-name@^1.0.0:
  version "1.1.3"
  resolved "https://registry.yarnpkg.com/color-name/-/color-name-1.1.3.tgz#a7d0558bd89c42f795dd42328f740831ca53bc25"

color-string@^0.3.0:
  version "0.3.0"
  resolved "https://registry.yarnpkg.com/color-string/-/color-string-0.3.0.tgz#27d46fb67025c5c2fa25993bfbf579e47841b991"
  dependencies:
    color-name "^1.0.0"

color-string@^1.4.0, color-string@^1.5.2:
  version "1.5.2"
  resolved "https://registry.yarnpkg.com/color-string/-/color-string-1.5.2.tgz#26e45814bc3c9a7cbd6751648a41434514a773a9"
  dependencies:
    color-name "^1.0.0"
    simple-swizzle "^0.2.2"

color@^0.11.0:
  version "0.11.4"
  resolved "https://registry.yarnpkg.com/color/-/color-0.11.4.tgz#6d7b5c74fb65e841cd48792ad1ed5e07b904d764"
  dependencies:
    clone "^1.0.2"
    color-convert "^1.3.0"
    color-string "^0.3.0"

color@^1.0.3:
  version "1.0.3"
  resolved "https://registry.yarnpkg.com/color/-/color-1.0.3.tgz#e48e832d85f14ef694fb468811c2d5cfe729b55d"
  dependencies:
    color-convert "^1.8.2"
    color-string "^1.4.0"

color@^2.0.1:
  version "2.0.1"
  resolved "https://registry.yarnpkg.com/color/-/color-2.0.1.tgz#e4ed78a3c4603d0891eba5430b04b86314f4c839"
  dependencies:
    color-convert "^1.9.1"
    color-string "^1.5.2"

core-js@^2.4.0:
  version "2.5.7"
  resolved "https://registry.yarnpkg.com/core-js/-/core-js-2.5.7.tgz#f972608ff0cead68b841a16a932d0b183791814e"

css-color-function@~1.3.3:
  version "1.3.3"
  resolved "https://registry.yarnpkg.com/css-color-function/-/css-color-function-1.3.3.tgz#8ed24c2c0205073339fafa004bc8c141fccb282e"
  dependencies:
    balanced-match "0.1.0"
    color "^0.11.0"
    debug "^3.1.0"
    rgb "~0.1.0"

css-unit-converter@^1.1.1:
  version "1.1.1"
  resolved "https://registry.yarnpkg.com/css-unit-converter/-/css-unit-converter-1.1.1.tgz#d9b9281adcfd8ced935bdbaba83786897f64e996"

debug@^3.1.0:
  version "3.1.0"
  resolved "https://registry.yarnpkg.com/debug/-/debug-3.1.0.tgz#5bb5a0672628b64149566ba16819e61518c67261"
  dependencies:
    ms "2.0.0"

electron-to-chromium@^1.3.30:
  version "1.3.52"
  resolved "https://registry.yarnpkg.com/electron-to-chromium/-/electron-to-chromium-1.3.52.tgz#d2d9f1270ba4a3b967b831c40ef71fb4d9ab5ce0"

escape-string-regexp@^1.0.5:
  version "1.0.5"
  resolved "https://registry.yarnpkg.com/escape-string-regexp/-/escape-string-regexp-1.0.5.tgz#1b61c0562190a8dff6ae3bb2cf0200ca130b86d4"

flatten@^1.0.2:
  version "1.0.2"
  resolved "https://registry.yarnpkg.com/flatten/-/flatten-1.0.2.tgz#dae46a9d78fbe25292258cc1e780a41d95c03782"

has-flag@^3.0.0:
  version "3.0.0"
  resolved "https://registry.yarnpkg.com/has-flag/-/has-flag-3.0.0.tgz#b5d454dc2199ae225699f3467e5a07f3b955bafd"

indexes-of@^1.0.1:
  version "1.0.1"
  resolved "https://registry.yarnpkg.com/indexes-of/-/indexes-of-1.0.1.tgz#f30f716c8e2bd346c7b67d3df3915566a7c05607"

is-arrayish@^0.3.1:
  version "0.3.2"
  resolved "https://registry.yarnpkg.com/is-arrayish/-/is-arrayish-0.3.2.tgz#4574a2ae56f7ab206896fb431eaeed066fdf8f03"

isnumeric@^0.2.0:
  version "0.2.0"
  resolved "https://registry.yarnpkg.com/isnumeric/-/isnumeric-0.2.0.tgz#a2347ba360de19e33d0ffd590fddf7755cbf2e64"

lodash._reinterpolate@~3.0.0:
  version "3.0.0"
  resolved "https://registry.yarnpkg.com/lodash._reinterpolate/-/lodash._reinterpolate-3.0.0.tgz#0ccf2d89166af03b3663c796538b75ac6e114d9d"

lodash.memoize@^4.1.2:
  version "4.1.2"
  resolved "https://registry.yarnpkg.com/lodash.memoize/-/lodash.memoize-4.1.2.tgz#bcc6c49a42a2840ed997f323eada5ecd182e0bfe"

lodash.template@^4.2.4:
  version "4.4.0"
  resolved "https://registry.yarnpkg.com/lodash.template/-/lodash.template-4.4.0.tgz#e73a0385c8355591746e020b99679c690e68fba0"
  dependencies:
    lodash._reinterpolate "~3.0.0"
    lodash.templatesettings "^4.0.0"

lodash.templatesettings@^4.0.0:
  version "4.1.0"
  resolved "https://registry.yarnpkg.com/lodash.templatesettings/-/lodash.templatesettings-4.1.0.tgz#2b4d4e95ba440d915ff08bc899e4553666713316"
  dependencies:
    lodash._reinterpolate "~3.0.0"

lodash.uniq@^4.5.0:
  version "4.5.0"
  resolved "https://registry.yarnpkg.com/lodash.uniq/-/lodash.uniq-4.5.0.tgz#d0225373aeb652adc1bc82e4945339a842754773"

math-expression-evaluator@^1.2.14:
  version "1.2.17"
  resolved "https://registry.yarnpkg.com/math-expression-evaluator/-/math-expression-evaluator-1.2.17.tgz#de819fdbcd84dccd8fae59c6aeb79615b9d266ac"

ms@2.0.0:
  version "2.0.0"
  resolved "https://registry.yarnpkg.com/ms/-/ms-2.0.0.tgz#5608aeadfc00be6c2901df5f9861788de0d597c8"

normalize-range@^0.1.2:
  version "0.1.2"
  resolved "https://registry.yarnpkg.com/normalize-range/-/normalize-range-0.1.2.tgz#2d10c06bdfd312ea9777695a4d28439456b75942"

num2fraction@^1.2.2:
  version "1.2.2"
  resolved "https://registry.yarnpkg.com/num2fraction/-/num2fraction-1.2.2.tgz#6f682b6a027a4e9ddfa4564cd2589d1d4e669ede"

onecolor@^3.0.4:
  version "3.0.5"
  resolved "https://registry.yarnpkg.com/onecolor/-/onecolor-3.0.5.tgz#36eff32201379efdf1180fb445e51a8e2425f9f6"

pixrem@^4.0.0:
  version "4.0.1"
  resolved "https://registry.yarnpkg.com/pixrem/-/pixrem-4.0.1.tgz#2da4a1de6ec4423c5fc3794e930b81d4490ec686"
  dependencies:
    browserslist "^2.0.0"
    postcss "^6.0.0"
    reduce-css-calc "^1.2.7"

pleeease-filters@^4.0.0:
  version "4.0.0"
  resolved "https://registry.yarnpkg.com/pleeease-filters/-/pleeease-filters-4.0.0.tgz#6632b2fb05648d2758d865384fbced79e1ccaec7"
  dependencies:
    onecolor "^3.0.4"
    postcss "^6.0.1"

postcss-apply@^0.8.0:
  version "0.8.0"
  resolved "https://registry.yarnpkg.com/postcss-apply/-/postcss-apply-0.8.0.tgz#14e544bbb5cb6f1c1e048857965d79ae066b1343"
  dependencies:
    babel-runtime "^6.23.0"
    balanced-match "^0.4.2"
    postcss "^6.0.0"

postcss-attribute-case-insensitive@^2.0.0:
  version "2.0.0"
  resolved "https://registry.yarnpkg.com/postcss-attribute-case-insensitive/-/postcss-attribute-case-insensitive-2.0.0.tgz#94dc422c8f90997f16bd33a3654bbbec084963b4"
  dependencies:
    postcss "^6.0.0"
    postcss-selector-parser "^2.2.3"

postcss-calc@^6.0.0:
  version "6.0.1"
  resolved "https://registry.yarnpkg.com/postcss-calc/-/postcss-calc-6.0.1.tgz#3d24171bbf6e7629d422a436ebfe6dd9511f4330"
  dependencies:
    css-unit-converter "^1.1.1"
    postcss "^6.0.0"
    postcss-selector-parser "^2.2.2"
    reduce-css-calc "^2.0.0"

postcss-color-function@^4.0.0:
  version "4.0.1"
  resolved "https://registry.yarnpkg.com/postcss-color-function/-/postcss-color-function-4.0.1.tgz#402b3f2cebc3f6947e618fb6be3654fbecef6444"
  dependencies:
    css-color-function "~1.3.3"
    postcss "^6.0.1"
    postcss-message-helpers "^2.0.0"
    postcss-value-parser "^3.3.0"

postcss-color-gray@^4.0.0:
  version "4.1.0"
  resolved "https://registry.yarnpkg.com/postcss-color-gray/-/postcss-color-gray-4.1.0.tgz#e5581ed57eaa826fb652ca11b1e2b7b136a9f9df"
  dependencies:
    color "^2.0.1"
    postcss "^6.0.14"
    postcss-message-helpers "^2.0.0"
    reduce-function-call "^1.0.2"

postcss-color-hex-alpha@^3.0.0:
  version "3.0.0"
  resolved "https://registry.yarnpkg.com/postcss-color-hex-alpha/-/postcss-color-hex-alpha-3.0.0.tgz#1e53e6c8acb237955e8fd08b7ecdb1b8b8309f95"
  dependencies:
    color "^1.0.3"
    postcss "^6.0.1"
    postcss-message-helpers "^2.0.0"

postcss-color-hsl@^2.0.0:
  version "2.0.0"
  resolved "https://registry.yarnpkg.com/postcss-color-hsl/-/postcss-color-hsl-2.0.0.tgz#12703666fa310430e3f30a454dac1386317d5844"
  dependencies:
    postcss "^6.0.1"
    postcss-value-parser "^3.3.0"
    units-css "^0.4.0"

postcss-color-hwb@^3.0.0:
  version "3.0.0"
  resolved "https://registry.yarnpkg.com/postcss-color-hwb/-/postcss-color-hwb-3.0.0.tgz#3402b19ef4d8497540c1fb5072be9863ca95571e"
  dependencies:
    color "^1.0.3"
    postcss "^6.0.1"
    postcss-message-helpers "^2.0.0"
    reduce-function-call "^1.0.2"

postcss-color-rebeccapurple@^3.0.0:
  version "3.1.0"
  resolved "https://registry.yarnpkg.com/postcss-color-rebeccapurple/-/postcss-color-rebeccapurple-3.1.0.tgz#ce1269ecc2d0d8bf92aab44bd884e633124c33ec"
  dependencies:
    postcss "^6.0.22"
    postcss-values-parser "^1.5.0"

postcss-color-rgb@^2.0.0:
  version "2.0.0"
  resolved "https://registry.yarnpkg.com/postcss-color-rgb/-/postcss-color-rgb-2.0.0.tgz#14539c8a7131494b482e0dd1cc265ff6514b5263"
  dependencies:
    postcss "^6.0.1"
    postcss-value-parser "^3.3.0"

postcss-color-rgba-fallback@^3.0.0:
  version "3.0.0"
  resolved "https://registry.yarnpkg.com/postcss-color-rgba-fallback/-/postcss-color-rgba-fallback-3.0.0.tgz#37d5c9353a07a09270912a82606bb42a0d702c04"
  dependencies:
    postcss "^6.0.6"
    postcss-value-parser "^3.3.0"
    rgb-hex "^2.1.0"

postcss-cssnext@^3.1.0:
  version "3.1.0"
  resolved "https://registry.yarnpkg.com/postcss-cssnext/-/postcss-cssnext-3.1.0.tgz#927dc29341a938254cde38ea60a923b9dfedead9"
  dependencies:
    autoprefixer "^7.1.1"
    caniuse-api "^2.0.0"
    chalk "^2.0.1"
    pixrem "^4.0.0"
    pleeease-filters "^4.0.0"
    postcss "^6.0.5"
    postcss-apply "^0.8.0"
    postcss-attribute-case-insensitive "^2.0.0"
    postcss-calc "^6.0.0"
    postcss-color-function "^4.0.0"
    postcss-color-gray "^4.0.0"
    postcss-color-hex-alpha "^3.0.0"
    postcss-color-hsl "^2.0.0"
    postcss-color-hwb "^3.0.0"
    postcss-color-rebeccapurple "^3.0.0"
    postcss-color-rgb "^2.0.0"
    postcss-color-rgba-fallback "^3.0.0"
    postcss-custom-media "^6.0.0"
    postcss-custom-properties "^6.1.0"
    postcss-custom-selectors "^4.0.1"
    postcss-font-family-system-ui "^3.0.0"
    postcss-font-variant "^3.0.0"
    postcss-image-set-polyfill "^0.3.5"
    postcss-initial "^2.0.0"
    postcss-media-minmax "^3.0.0"
    postcss-nesting "^4.0.1"
    postcss-pseudo-class-any-link "^4.0.0"
    postcss-pseudoelements "^5.0.0"
    postcss-replace-overflow-wrap "^2.0.0"
    postcss-selector-matches "^3.0.1"
    postcss-selector-not "^3.0.1"

postcss-custom-media@^6.0.0:
  version "6.0.0"
  resolved "https://registry.yarnpkg.com/postcss-custom-media/-/postcss-custom-media-6.0.0.tgz#be532784110ecb295044fb5395a18006eb21a737"
  dependencies:
    postcss "^6.0.1"

postcss-custom-properties@^6.1.0:
  version "6.3.1"
  resolved "https://registry.yarnpkg.com/postcss-custom-properties/-/postcss-custom-properties-6.3.1.tgz#5c52abde313d7ec9368c4abf67d27a656cba8b39"
  dependencies:
    balanced-match "^1.0.0"
    postcss "^6.0.18"

postcss-custom-selectors@^4.0.1:
  version "4.0.1"
  resolved "https://registry.yarnpkg.com/postcss-custom-selectors/-/postcss-custom-selectors-4.0.1.tgz#781382f94c52e727ef5ca4776ea2adf49a611382"
  dependencies:
    postcss "^6.0.1"
    postcss-selector-matches "^3.0.0"

postcss-font-family-system-ui@^3.0.0:
  version "3.0.0"
  resolved "https://registry.yarnpkg.com/postcss-font-family-system-ui/-/postcss-font-family-system-ui-3.0.0.tgz#675fe7a9e029669f05f8dba2e44c2225ede80623"
  dependencies:
    postcss "^6.0"

postcss-font-variant@^3.0.0:
  version "3.0.0"
  resolved "https://registry.yarnpkg.com/postcss-font-variant/-/postcss-font-variant-3.0.0.tgz#08ccc88f6050ba82ed8ef2cc76c0c6a6b41f183e"
  dependencies:
    postcss "^6.0.1"

postcss-image-set-polyfill@^0.3.5:
  version "0.3.5"
  resolved "https://registry.yarnpkg.com/postcss-image-set-polyfill/-/postcss-image-set-polyfill-0.3.5.tgz#0f193413700cf1f82bd39066ef016d65a4a18181"
  dependencies:
    postcss "^6.0.1"
    postcss-media-query-parser "^0.2.3"

postcss-initial@^2.0.0:
  version "2.0.0"
  resolved "https://registry.yarnpkg.com/postcss-initial/-/postcss-initial-2.0.0.tgz#72715f7336e0bb79351d99ee65c4a253a8441ba4"
  dependencies:
    lodash.template "^4.2.4"
    postcss "^6.0.1"

postcss-media-minmax@^3.0.0:
  version "3.0.0"
  resolved "https://registry.yarnpkg.com/postcss-media-minmax/-/postcss-media-minmax-3.0.0.tgz#675256037a43ef40bc4f0760bfd06d4dc69d48d2"
  dependencies:
    postcss "^6.0.1"

postcss-media-query-parser@^0.2.3:
  version "0.2.3"
  resolved "https://registry.yarnpkg.com/postcss-media-query-parser/-/postcss-media-query-parser-0.2.3.tgz#27b39c6f4d94f81b1a73b8f76351c609e5cef244"

postcss-message-helpers@^2.0.0:
  version "2.0.0"
  resolved "https://registry.yarnpkg.com/postcss-message-helpers/-/postcss-message-helpers-2.0.0.tgz#a4f2f4fab6e4fe002f0aed000478cdf52f9ba60e"

postcss-nesting@^4.0.1:
  version "4.2.1"
  resolved "https://registry.yarnpkg.com/postcss-nesting/-/postcss-nesting-4.2.1.tgz#0483bce338b3f0828ced90ff530b29b98b00300d"
  dependencies:
    postcss "^6.0.11"

postcss-pseudo-class-any-link@^4.0.0:
  version "4.0.0"
  resolved "https://registry.yarnpkg.com/postcss-pseudo-class-any-link/-/postcss-pseudo-class-any-link-4.0.0.tgz#9152a0613d3450720513e8892854bae42d0ee68e"
  dependencies:
    postcss "^6.0.1"
    postcss-selector-parser "^2.2.3"

postcss-pseudoelements@^5.0.0:
  version "5.0.0"
  resolved "https://registry.yarnpkg.com/postcss-pseudoelements/-/postcss-pseudoelements-5.0.0.tgz#eef194e8d524645ca520a949e95e518e812402cb"
  dependencies:
    postcss "^6.0.0"

postcss-replace-overflow-wrap@^2.0.0:
  version "2.0.0"
  resolved "https://registry.yarnpkg.com/postcss-replace-overflow-wrap/-/postcss-replace-overflow-wrap-2.0.0.tgz#794db6faa54f8db100854392a93af45768b4e25b"
  dependencies:
    postcss "^6.0.1"

postcss-selector-matches@^3.0.0, postcss-selector-matches@^3.0.1:
  version "3.0.1"
  resolved "https://registry.yarnpkg.com/postcss-selector-matches/-/postcss-selector-matches-3.0.1.tgz#e5634011e13950881861bbdd58c2d0111ffc96ab"
  dependencies:
    balanced-match "^0.4.2"
    postcss "^6.0.1"

postcss-selector-not@^3.0.1:
  version "3.0.1"
  resolved "https://registry.yarnpkg.com/postcss-selector-not/-/postcss-selector-not-3.0.1.tgz#2e4db2f0965336c01e7cec7db6c60dff767335d9"
  dependencies:
    balanced-match "^0.4.2"
    postcss "^6.0.1"

postcss-selector-parser@^2.2.2, postcss-selector-parser@^2.2.3:
  version "2.2.3"
  resolved "https://registry.yarnpkg.com/postcss-selector-parser/-/postcss-selector-parser-2.2.3.tgz#f9437788606c3c9acee16ffe8d8b16297f27bb90"
  dependencies:
    flatten "^1.0.2"
    indexes-of "^1.0.1"
    uniq "^1.0.1"

postcss-value-parser@^3.2.3, postcss-value-parser@^3.3.0:
  version "3.3.0"
  resolved "https://registry.yarnpkg.com/postcss-value-parser/-/postcss-value-parser-3.3.0.tgz#87f38f9f18f774a4ab4c8a232f5c5ce8872a9d15"

postcss-values-parser@^1.5.0:
  version "1.5.0"
  resolved "https://registry.yarnpkg.com/postcss-values-parser/-/postcss-values-parser-1.5.0.tgz#5d9fa63e2bcb0179ce48f3235303765eb89f3047"
  dependencies:
    flatten "^1.0.2"
    indexes-of "^1.0.1"
    uniq "^1.0.1"

postcss@^6.0, postcss@^6.0.0, postcss@^6.0.1, postcss@^6.0.11, postcss@^6.0.14, postcss@^6.0.17, postcss@^6.0.18, postcss@^6.0.22, postcss@^6.0.5, postcss@^6.0.6:
  version "6.0.23"
  resolved "https://registry.yarnpkg.com/postcss/-/postcss-6.0.23.tgz#61c82cc328ac60e677645f979054eb98bc0e3324"
  dependencies:
    chalk "^2.4.1"
    source-map "^0.6.1"
    supports-color "^5.4.0"

reduce-css-calc@^1.2.7:
  version "1.3.0"
  resolved "https://registry.yarnpkg.com/reduce-css-calc/-/reduce-css-calc-1.3.0.tgz#747c914e049614a4c9cfbba629871ad1d2927716"
  dependencies:
    balanced-match "^0.4.2"
    math-expression-evaluator "^1.2.14"
    reduce-function-call "^1.0.1"

reduce-css-calc@^2.0.0:
  version "2.1.4"
  resolved "https://registry.yarnpkg.com/reduce-css-calc/-/reduce-css-calc-2.1.4.tgz#c20e9cda8445ad73d4ff4bea960c6f8353791708"
  dependencies:
    css-unit-converter "^1.1.1"
    postcss-value-parser "^3.3.0"

reduce-function-call@^1.0.1, reduce-function-call@^1.0.2:
  version "1.0.2"
  resolved "https://registry.yarnpkg.com/reduce-function-call/-/reduce-function-call-1.0.2.tgz#5a200bf92e0e37751752fe45b0ab330fd4b6be99"
  dependencies:
    balanced-match "^0.4.2"

regenerator-runtime@^0.11.0:
  version "0.11.1"
  resolved "https://registry.yarnpkg.com/regenerator-runtime/-/regenerator-runtime-0.11.1.tgz#be05ad7f9bf7d22e056f9726cee5017fbf19e2e9"

rgb-hex@^2.1.0:
  version "2.1.0"
  resolved "https://registry.yarnpkg.com/rgb-hex/-/rgb-hex-2.1.0.tgz#c773c5fe2268a25578d92539a82a7a5ce53beda6"

rgb@~0.1.0:
  version "0.1.0"
  resolved "https://registry.yarnpkg.com/rgb/-/rgb-0.1.0.tgz#be27b291e8feffeac1bd99729721bfa40fc037b5"

simple-swizzle@^0.2.2:
  version "0.2.2"
  resolved "https://registry.yarnpkg.com/simple-swizzle/-/simple-swizzle-0.2.2.tgz#a4da6b635ffcccca33f70d17cb92592de95e557a"
  dependencies:
    is-arrayish "^0.3.1"

source-map@^0.6.1:
  version "0.6.1"
  resolved "https://registry.yarnpkg.com/source-map/-/source-map-0.6.1.tgz#74722af32e9614e9c287a8d0bbde48b5e2f1a263"

supports-color@^5.3.0, supports-color@^5.4.0:
  version "5.4.0"
  resolved "https://registry.yarnpkg.com/supports-color/-/supports-color-5.4.0.tgz#1c6b337402c2137605efe19f10fec390f6faab54"
  dependencies:
    has-flag "^3.0.0"

uniq@^1.0.1:
  version "1.0.1"
  resolved "https://registry.yarnpkg.com/uniq/-/uniq-1.0.1.tgz#b31c5ae8254844a3a8281541ce2b04b865a734ff"

units-css@^0.4.0:
  version "0.4.0"
  resolved "https://registry.yarnpkg.com/units-css/-/units-css-0.4.0.tgz#d6228653a51983d7c16ff28f8b9dc3b1ffed3a07"
  dependencies:
    isnumeric "^0.2.0"
    viewport-dimensions "^0.2.0"

viewport-dimensions@^0.2.0:
  version "0.2.0"
  resolved "https://registry.yarnpkg.com/viewport-dimensions/-/viewport-dimensions-0.2.0.tgz#de740747db5387fd1725f5175e91bac76afdf36c"
