# This file is automatically @generated by Cargo.
# It is not intended for manual editing.
[[package]]
name = "autocfg"
version = "1.0.0"
source = "registry+https://github.com/rust-lang/crates.io-index"
checksum = "f8aac770f1885fd7e387acedd76065302551364496e46b3dd00860b2f8359b9d"

[[package]]
name = "bumpalo"
version = "3.4.0"
source = "registry+https://github.com/rust-lang/crates.io-index"
checksum = "2e8c087f005730276d1096a652e92a8bacee2e2472bcc9715a74d2bec38b5820"

[[package]]
name = "cfg-if"
version = "0.1.10"
source = "registry+https://github.com/rust-lang/crates.io-index"
checksum = "4785bdd1c96b2a846b2bd7cc02e86b6b3dbf14e7e53446c4f54c92a361040822"

[[package]]
name = "fixedbitset"
version = "0.2.0"
source = "registry+https://github.com/rust-lang/crates.io-index"
checksum = "37ab347416e802de484e4d03c7316c48f1ecb56574dfd4a46a80f173ce1de04d"

[[package]]
name = "graph"
version = "0.1.0"
dependencies = [
 "petgraph",
 "wasm-bindgen",
]

[[package]]
name = "hashbrown"
version = "0.8.2"
source = "registry+https://github.com/rust-lang/crates.io-index"
checksum = "e91b62f79061a0bc2e046024cb7ba44b08419ed238ecbd9adbd787434b9e8c25"
dependencies = [
 "autocfg",
]

[[package]]
name = "indexmap"
version = "1.5.1"
source = "registry+https://github.com/rust-lang/crates.io-index"
checksum = "86b45e59b16c76b11bf9738fd5d38879d3bd28ad292d7b313608becb17ae2df9"
dependencies = [
 "autocfg",
 "hashbrown",
]

[[package]]
name = "lazy_static"
version = "1.4.0"
source = "registry+https://github.com/rust-lang/crates.io-index"
checksum = "e2abad23fbc42b3700f2f279844dc832adb2b2eb069b2df918f455c4e18cc646"

[[package]]
name = "log"
version = "0.4.11"
source = "registry+https://github.com/rust-lang/crates.io-index"
checksum = "4fabed175da42fed1fa0746b0ea71f412aa9d35e76e95e59b192c64b9dc2bf8b"
dependencies = [
 "cfg-if",
]

[[package]]
name = "petgraph"
version = "0.5.1"
source = "registry+https://github.com/rust-lang/crates.io-index"
checksum = "467d164a6de56270bd7c4d070df81d07beace25012d5103ced4e9ff08d6afdb7"
dependencies = [
 "fixedbitset",
 "indexmap",
]

[[package]]
name = "proc-macro2"
version = "1.0.19"
source = "registry+https://github.com/rust-lang/crates.io-index"
checksum = "04f5f085b5d71e2188cb8271e5da0161ad52c3f227a661a3c135fdf28e258b12"
dependencies = [
 "unicode-xid",
]

[[package]]
name = "quote"
version = "1.0.7"
source = "registry+https://github.com/rust-lang/crates.io-index"
checksum = "aa563d17ecb180e500da1cfd2b028310ac758de548efdd203e18f283af693f37"
dependencies = [
 "proc-macro2",
]

[[package]]
name = "syn"
version = "1.0.38"
source = "registry+https://github.com/rust-lang/crates.io-index"
checksum = "e69abc24912995b3038597a7a593be5053eb0fb44f3cc5beec0deb421790c1f4"
dependencies = [
 "proc-macro2",
 "quote",
 "unicode-xid",
]

[[package]]
name = "unicode-xid"
version = "0.2.1"
source = "registry+https://github.com/rust-lang/crates.io-index"
checksum = "f7fe0bb3479651439c9112f72b6c505038574c9fbb575ed1bf3b797fa39dd564"

[[package]]
name = "wasm-bindgen"
version = "0.2.67"
source = "registry+https://github.com/rust-lang/crates.io-index"
checksum = "f0563a9a4b071746dd5aedbc3a28c6fe9be4586fb3fbadb67c400d4f53c6b16c"
dependencies = [
 "cfg-if",
 "wasm-bindgen-macro",
]

[[package]]
name = "wasm-bindgen-backend"
version = "0.2.67"
source = "registry+https://github.com/rust-lang/crates.io-index"
checksum = "bc71e4c5efa60fb9e74160e89b93353bc24059999c0ae0fb03affc39770310b0"
dependencies = [
 "bumpalo",
 "lazy_static",
 "log",
 "proc-macro2",
 "quote",
 "syn",
 "wasm-bindgen-shared",
]

[[package]]
name = "wasm-bindgen-macro"
version = "0.2.67"
source = "registry+https://github.com/rust-lang/crates.io-index"
checksum = "97c57cefa5fa80e2ba15641578b44d36e7a64279bc5ed43c6dbaf329457a2ed2"
dependencies = [
 "quote",
 "wasm-bindgen-macro-support",
]

[[package]]
name = "wasm-bindgen-macro-support"
version = "0.2.67"
source = "registry+https://github.com/rust-lang/crates.io-index"
checksum = "841a6d1c35c6f596ccea1f82504a192a60378f64b3bb0261904ad8f2f5657556"
dependencies = [
 "proc-macro2",
 "quote",
 "syn",
 "wasm-bindgen-backend",
 "wasm-bindgen-shared",
]

[[package]]
name = "wasm-bindgen-shared"
version = "0.2.67"
source = "registry+https://github.com/rust-lang/crates.io-index"
checksum = "93b162580e34310e5931c4b792560108b10fd14d64915d7fff8ff00180e70092"
