# This file is automatically @generated by Cargo.
# It is not intended for manual editing.
version = 4

[[package]]
name = "custom-namer-rs"
version = "0.1.0"
dependencies = [
 "parcel-plugin",
]

[[package]]
name = "parcel-plugin"
version = "0.1.0"
dependencies = [
 "sha2-const-stable",
]

[[package]]
name = "sha2-const-stable"
version = "0.1.0"
source = "registry+https://github.com/rust-lang/crates.io-index"
checksum = "5f179d4e11094a893b82fff208f74d448a7512f99f5a0acbd5c679b705f83ed9"
