# This file is automatically @generated by Cargo.
# It is not intended for manual editing.
[[package]]
name = "aho-corasick"
version = "0.7.13"
source = "registry+https://github.com/rust-lang/crates.io-index"
checksum = "043164d8ba5c4c3035fec9bbee8647c0261d788f3474306f93bb65901cae0e86"
dependencies = [
 "memchr",
]

[[package]]
name = "autocfg"
version = "1.0.0"
source = "registry+https://github.com/rust-lang/crates.io-index"
checksum = "f8aac770f1885fd7e387acedd76065302551364496e46b3dd00860b2f8359b9d"

[[package]]
name = "cc"
version = "1.0.58"
source = "registry+https://github.com/rust-lang/crates.io-index"
checksum = "f9a06fb2e53271d7c279ec1efea6ab691c35a2ae67ec0d91d7acec0caf13b518"

[[package]]
name = "cfg-if"
version = "0.1.10"
source = "registry+https://github.com/rust-lang/crates.io-index"
checksum = "4785bdd1c96b2a846b2bd7cc02e86b6b3dbf14e7e53446c4f54c92a361040822"

[[package]]
name = "cslice"
version = "0.2.0"
source = "registry+https://github.com/rust-lang/crates.io-index"
checksum = "697c714f50560202b1f4e2e09cd50a421881c83e9025db75d15f276616f04f40"

[[package]]
name = "fixedbitset"
version = "0.2.0"
source = "registry+https://github.com/rust-lang/crates.io-index"
checksum = "37ab347416e802de484e4d03c7316c48f1ecb56574dfd4a46a80f173ce1de04d"

[[package]]
name = "hashbrown"
version = "0.8.2"
source = "registry+https://github.com/rust-lang/crates.io-index"
checksum = "e91b62f79061a0bc2e046024cb7ba44b08419ed238ecbd9adbd787434b9e8c25"
dependencies = [
 "autocfg",
]

[[package]]
name = "indexmap"
version = "1.5.1"
source = "registry+https://github.com/rust-lang/crates.io-index"
checksum = "86b45e59b16c76b11bf9738fd5d38879d3bd28ad292d7b313608becb17ae2df9"
dependencies = [
 "autocfg",
 "hashbrown",
]

[[package]]
name = "lazy_static"
version = "1.4.0"
source = "registry+https://github.com/rust-lang/crates.io-index"
checksum = "e2abad23fbc42b3700f2f279844dc832adb2b2eb069b2df918f455c4e18cc646"

[[package]]
name = "memchr"
version = "2.3.3"
source = "registry+https://github.com/rust-lang/crates.io-index"
checksum = "3728d817d99e5ac407411fa471ff9800a778d88a24685968b36824eaf4bee400"

[[package]]
name = "neon"
version = "0.4.0"
source = "registry+https://github.com/rust-lang/crates.io-index"
checksum = "6cac4691701b686e6c07b2eb5b51a9f26f5c11179c5d7924b78100dd387fc99d"
dependencies = [
 "cslice",
 "neon-build",
 "neon-runtime",
 "semver",
]

[[package]]
name = "neon-build"
version = "0.4.0"
source = "registry+https://github.com/rust-lang/crates.io-index"
checksum = "f9ed332afd4711b84f4f83d334428a1fd9ce53620b62b87595934297c5ede2ed"
dependencies = [
 "cfg-if",
 "neon-sys",
]

[[package]]
name = "neon-graph"
version = "0.1.0"
dependencies = [
 "neon",
 "neon-build",
 "petgraph",
]

[[package]]
name = "neon-runtime"
version = "0.4.0"
source = "registry+https://github.com/rust-lang/crates.io-index"
checksum = "2beea093a60c08463f65e1da4cda68149986f60d8d2177489b44589463c782a6"
dependencies = [
 "cfg-if",
 "neon-sys",
]

[[package]]
name = "neon-sys"
version = "0.4.0"
source = "registry+https://github.com/rust-lang/crates.io-index"
checksum = "69a6c1ba6b926746f4d3f596de18ce49d062d78fd9f35f636080232aa77a0e16"
dependencies = [
 "cc",
 "regex",
]

[[package]]
name = "petgraph"
version = "0.5.1"
source = "registry+https://github.com/rust-lang/crates.io-index"
checksum = "467d164a6de56270bd7c4d070df81d07beace25012d5103ced4e9ff08d6afdb7"
dependencies = [
 "fixedbitset",
 "indexmap",
]

[[package]]
name = "regex"
version = "1.3.9"
source = "registry+https://github.com/rust-lang/crates.io-index"
checksum = "9c3780fcf44b193bc4d09f36d2a3c87b251da4a046c87795a0d35f4f927ad8e6"
dependencies = [
 "aho-corasick",
 "memchr",
 "regex-syntax",
 "thread_local",
]

[[package]]
name = "regex-syntax"
version = "0.6.18"
source = "registry+https://github.com/rust-lang/crates.io-index"
checksum = "26412eb97c6b088a6997e05f69403a802a92d520de2f8e63c2b65f9e0f47c4e8"

[[package]]
name = "semver"
version = "0.9.0"
source = "registry+https://github.com/rust-lang/crates.io-index"
checksum = "1d7eb9ef2c18661902cc47e535f9bc51b78acd254da71d375c2f6720d9a40403"
dependencies = [
 "semver-parser",
]

[[package]]
name = "semver-parser"
version = "0.7.0"
source = "registry+https://github.com/rust-lang/crates.io-index"
checksum = "388a1df253eca08550bef6c72392cfe7c30914bf41df5269b68cbd6ff8f570a3"

[[package]]
name = "thread_local"
version = "1.0.1"
source = "registry+https://github.com/rust-lang/crates.io-index"
checksum = "d40c6d1b69745a6ec6fb1ca717914848da4b44ae29d9b3080cbee91d72a69b14"
dependencies = [
 "lazy_static",
]
