# THIS IS AN AUTOGENERATED FILE. DO NOT EDIT THIS FILE DIRECTLY.
# yarn lockfile v1


asap@~2.0.3:
  version "2.0.6"
  resolved "https://registry.yarnpkg.com/asap/-/asap-2.0.6.tgz#e50347611d7e690943208bbdafebcbc2fb866d46"
  integrity sha1-5QNHYR1+aQlDIIu9r+vLwvuGbUY=

atob@^2.1.2:
  version "2.1.2"
  resolved "https://registry.yarnpkg.com/atob/-/atob-2.1.2.tgz#6d9517eb9e030d2436666651e86bd9f6f13533c9"
  integrity sha512-Wm6ukoaOGJi/73p/cl2GvLjTI5JM1k/O14isD73YML8StrH/7/lRFgmg8nICZgD3bZZvjwCGxtMOD3wWNAu8cg==

core-js@^1.0.0:
  version "1.2.7"
  resolved "https://registry.yarnpkg.com/core-js/-/core-js-1.2.7.tgz#652294c14651db28fa93bd2d5ff2983a4f08c636"
  integrity sha1-ZSKUwUZR2yj6k70tX/KYOk8IxjY=

core-util-is@~1.0.0:
  version "1.0.2"
  resolved "https://registry.yarnpkg.com/core-util-is/-/core-util-is-1.0.2.tgz#b5fd54220aa2bc5ab57aab7140c940754503c1a7"
  integrity sha1-tf1UIgqivFq1eqtxQMlAdUUDwac=

create-react-class@^15.6.0:
  version "15.7.0"
  resolved "https://registry.yarnpkg.com/create-react-class/-/create-react-class-15.7.0.tgz#7499d7ca2e69bb51d13faf59bd04f0c65a1d6c1e"
  integrity sha512-QZv4sFWG9S5RUvkTYWbflxeZX+JG7Cz0Tn33rQBJ+WFQTqTfUTjMjiv9tnfXazjsO5r0KhPs+AqCjyrQX6h2ng==
  dependencies:
    loose-envify "^1.3.1"
    object-assign "^4.1.1"

css@2.2.4:
  version "2.2.4"
  resolved "https://registry.yarnpkg.com/css/-/css-2.2.4.tgz#c646755c73971f2bba6a601e2cf2fd71b1298929"
  integrity sha512-oUnjmWpy0niI3x/mPL8dVEI1l7MnG3+HHyRPHf+YFSbK+svOhXpmSOcDURUh2aOCgl2grzrOPt1nHLuCVFULLw==
  dependencies:
    inherits "^2.0.3"
    source-map "^0.6.1"
    source-map-resolve "^0.5.2"
    urix "^0.1.0"

dagre@^0.8.2:
  version "0.8.5"
  resolved "https://registry.yarnpkg.com/dagre/-/dagre-0.8.5.tgz#ba30b0055dac12b6c1fcc247817442777d06afee"
  integrity sha512-/aTqmnRta7x7MCCpExk7HQL2O4owCT2h8NT//9I1OQ9vt29Pa0BzSAkR5lwFUcQ7491yVi/3CXU9jQ5o0Mn2Sw==
  dependencies:
    graphlib "^2.1.8"
    lodash "^4.17.15"

decode-uri-component@^0.2.0:
  version "0.2.0"
  resolved "https://registry.yarnpkg.com/decode-uri-component/-/decode-uri-component-0.2.0.tgz#eb3913333458775cb84cd1a1fae062106bb87545"
  integrity sha1-6zkTMzRYd1y4TNGh+uBiEGu4dUU=

dom-serializer@0:
  version "0.2.2"
  resolved "https://registry.yarnpkg.com/dom-serializer/-/dom-serializer-0.2.2.tgz#1afb81f533717175d478655debc5e332d9f9bb51"
  integrity sha512-2/xPb3ORsQ42nHYiSunXkDjPLBaEj/xTwUO4B7XCZQTRk7EBtTOPaygh10YAAh2OI1Qrp6NWfpAhzswj0ydt9g==
  dependencies:
    domelementtype "^2.0.1"
    entities "^2.0.0"

domelementtype@1, domelementtype@^1.3.0:
  version "1.3.1"
  resolved "https://registry.yarnpkg.com/domelementtype/-/domelementtype-1.3.1.tgz#d048c44b37b0d10a7f2a3d5fee3f4333d790481f"
  integrity sha512-BSKB+TSpMpFI/HOxCNr1O8aMOTZ8hT3pM3GQ0w/mWRmkhEDSFJkkyzz4XQsBV44BChwGkrDfMyjVD0eA2aFV3w==

domelementtype@^2.0.1:
  version "2.0.2"
  resolved "https://registry.yarnpkg.com/domelementtype/-/domelementtype-2.0.2.tgz#f3b6e549201e46f588b59463dd77187131fe6971"
  integrity sha512-wFwTwCVebUrMgGeAwRL/NhZtHAUyT9n9yg4IMDwf10+6iCMxSkVq9MGCVEH+QZWo1nNidy8kNvwmv4zWHDTqvA==

domhandler@2.3.0:
  version "2.3.0"
  resolved "https://registry.yarnpkg.com/domhandler/-/domhandler-2.3.0.tgz#2de59a0822d5027fabff6f032c2b25a2a8abe738"
  integrity sha1-LeWaCCLVAn+r/28DLCsloqir5zg=
  dependencies:
    domelementtype "1"

domhandler@^2.3.0:
  version "2.4.2"
  resolved "https://registry.yarnpkg.com/domhandler/-/domhandler-2.4.2.tgz#8805097e933d65e85546f726d60f5eb88b44f803"
  integrity sha512-JiK04h0Ht5u/80fdLMCEmV4zkNh2BcoMFBmZ/91WtYZ8qVXSKjiw7fXMgFPnHcSZgOo3XdinHvmnDUeMf5R4wA==
  dependencies:
    domelementtype "1"

domutils@^1.5.1:
  version "1.7.0"
  resolved "https://registry.yarnpkg.com/domutils/-/domutils-1.7.0.tgz#56ea341e834e06e6748af7a1cb25da67ea9f8c2a"
  integrity sha512-Lgd2XcJ/NjEw+7tFvfKxOzCYKZsdct5lczQ2ZaQY8Djz7pfAD3Gbp8ySJWtreII/vDlMVmxwa6pHmdxIYgttDg==
  dependencies:
    dom-serializer "0"
    domelementtype "1"

encoding@^0.1.11:
  version "0.1.13"
  resolved "https://registry.yarnpkg.com/encoding/-/encoding-0.1.13.tgz#56574afdd791f54a8e9b2785c0582a2d26210fa9"
  integrity sha512-ETBauow1T35Y/WZMkio9jiM0Z5xjHHmJ4XmjZOq1l/dXz3lr2sRn87nJy20RupqSh1F2m3HHPSp8ShIPQJrJ3A==
  dependencies:
    iconv-lite "^0.6.2"

entities@^1.1.1:
  version "1.1.2"
  resolved "https://registry.yarnpkg.com/entities/-/entities-1.1.2.tgz#bdfa735299664dfafd34529ed4f8522a275fea56"
  integrity sha512-f2LZMYl1Fzu7YSBKg+RoROelpOaNrcGmE9AZubeDfrCEia483oW4MI4VyFd5VNHIgQ/7qm1I0wUHK1eJnn2y2w==

entities@^2.0.0:
  version "2.1.0"
  resolved "https://registry.yarnpkg.com/entities/-/entities-2.1.0.tgz#992d3129cf7df6870b96c57858c249a120f8b8b5"
  integrity sha512-hCx1oky9PFrJ611mf0ifBLBRW8lUUVRlFolb5gWRfIELabBlbp9xZvrqZLZAs+NxFnbfQoeGd8wDkygjg7U85w==

fast-deep-equal@^2.0.1:
  version "2.0.1"
  resolved "https://registry.yarnpkg.com/fast-deep-equal/-/fast-deep-equal-2.0.1.tgz#7b05218ddf9667bf7f370bf7fdb2cb15fdd0aa49"
  integrity sha1-ewUhjd+WZ79/Nwv3/bLLFf3Qqkk=

fbjs@^0.8.9:
  version "0.8.17"
  resolved "https://registry.yarnpkg.com/fbjs/-/fbjs-0.8.17.tgz#c4d598ead6949112653d6588b01a5cdcd9f90fdd"
  integrity sha1-xNWY6taUkRJlPWWIsBpc3Nn5D90=
  dependencies:
    core-js "^1.0.0"
    isomorphic-fetch "^2.1.1"
    loose-envify "^1.0.0"
    object-assign "^4.1.0"
    promise "^7.1.1"
    setimmediate "^1.0.5"
    ua-parser-js "^0.7.18"

graphlib@^2.1.8:
  version "2.1.8"
  resolved "https://registry.yarnpkg.com/graphlib/-/graphlib-2.1.8.tgz#5761d414737870084c92ec7b5dbcb0592c9d35da"
  integrity sha512-jcLLfkpoVGmH7/InMC/1hIvOPSUh38oJtGhvrOFGzioE1DZ+0YW16RgmOJhHiuWTvGiJQ9Z1Ik43JvkRPRvE+A==
  dependencies:
    lodash "^4.17.15"

html-dom-parser@0.1.3:
  version "0.1.3"
  resolved "https://registry.yarnpkg.com/html-dom-parser/-/html-dom-parser-0.1.3.tgz#fe22aa84206a46484069138849f29b154a5ee884"
  integrity sha512-kGhjJDkfiA2/3y0gc2Bi+rseJWJSKz4CioS4EM+vN80fw863f1hn3G+7EaP0/benxceky4a8TzEeW6+dDjUh7A==
  dependencies:
    domhandler "2.3.0"
    htmlparser2 "3.9.1"

html-react-parser@^0.6.1:
  version "0.6.4"
  resolved "https://registry.yarnpkg.com/html-react-parser/-/html-react-parser-0.6.4.tgz#a58f462a399a07ecfb4a8d3791cc360770b64e91"
  integrity sha512-u1NbMeA3FLnAMIVPDTnWRQACw/vI5x56LEH6esFR4gNjn+lSF/zumFq+G8umIDV931M6doLhclE+F2iaJURjNw==
  dependencies:
    html-dom-parser "0.1.3"
    react-dom-core "0.0.4"
    style-to-object "0.2.2"

htmlparser2@3.9.1:
  version "3.9.1"
  resolved "https://registry.yarnpkg.com/htmlparser2/-/htmlparser2-3.9.1.tgz#621b7a58bc9acd003f7af0a2c9a00aa67c8505d2"
  integrity sha1-Yht6WLyazQA/evCiyaAKpnyFBdI=
  dependencies:
    domelementtype "^1.3.0"
    domhandler "^2.3.0"
    domutils "^1.5.1"
    entities "^1.1.1"
    inherits "^2.0.1"
    readable-stream "^2.0.2"

iconv-lite@^0.6.2:
  version "0.6.2"
  resolved "https://registry.yarnpkg.com/iconv-lite/-/iconv-lite-0.6.2.tgz#ce13d1875b0c3a674bd6a04b7f76b01b1b6ded01"
  integrity sha512-2y91h5OpQlolefMPmUlivelittSWy0rP+oYVpn6A7GwVHNE8AWzoYOBNmlwks3LobaJxgHCYZAnyNo2GgpNRNQ==
  dependencies:
    safer-buffer ">= 2.1.2 < 3.0.0"

inherits@^2.0.1, inherits@^2.0.3, inherits@~2.0.3:
  version "2.0.4"
  resolved "https://registry.yarnpkg.com/inherits/-/inherits-2.0.4.tgz#0fa2c64f932917c3433a0ded55363aae37416b7c"
  integrity sha512-k/vGaX4/Yla3WzyMCvTQOXYeIHvqOKtnqBduzTHpzpQZzAskKMhZ2K+EnBiSM9zGSoIFeMpXKxa4dYeZIQqewQ==

is-stream@^1.0.1:
  version "1.1.0"
  resolved "https://registry.yarnpkg.com/is-stream/-/is-stream-1.1.0.tgz#12d4a3dd4e68e0b79ceb8dbc84173ae80d91ca44"
  integrity sha1-EtSj3U5o4Lec6428hBc66A2RykQ=

isarray@~1.0.0:
  version "1.0.0"
  resolved "https://registry.yarnpkg.com/isarray/-/isarray-1.0.0.tgz#bb935d48582cba168c06834957a54a3e07124f11"
  integrity sha1-u5NdSFgsuhaMBoNJV6VKPgcSTxE=

isomorphic-fetch@^2.1.1:
  version "2.2.1"
  resolved "https://registry.yarnpkg.com/isomorphic-fetch/-/isomorphic-fetch-2.2.1.tgz#611ae1acf14f5e81f729507472819fe9733558a9"
  integrity sha1-YRrhrPFPXoH3KVB0coGf6XM1WKk=
  dependencies:
    node-fetch "^1.0.1"
    whatwg-fetch ">=0.10.0"

"js-tokens@^3.0.0 || ^4.0.0":
  version "4.0.0"
  resolved "https://registry.yarnpkg.com/js-tokens/-/js-tokens-4.0.0.tgz#19203fb59991df98e3a287050d4647cdeaf32499"
  integrity sha512-RdJUflcE3cUzKiMqQgsCu06FPu9UdIJO0beYbPhHN4k6apgJtifcoCtT9bcxOpYBtpD2kCM6Sbzg4CausW/PKQ==

kld-affine@2.0.0:
  version "2.0.0"
  resolved "https://registry.yarnpkg.com/kld-affine/-/kld-affine-2.0.0.tgz#a3f3a96d08deb176a4561c4c552b20d718a253c7"
  integrity sha1-o/OpbQjesXakVhxMVSsg1xiiU8c=

kld-affine@2.0.4:
  version "2.0.4"
  resolved "https://registry.yarnpkg.com/kld-affine/-/kld-affine-2.0.4.tgz#458c771ed3cbcfde64875b7c6353c71c30d9a5f9"
  integrity sha1-RYx3HtPLz95kh1t8Y1PHHDDZpfk=

kld-affine@^2.0.4:
  version "2.1.1"
  resolved "https://registry.yarnpkg.com/kld-affine/-/kld-affine-2.1.1.tgz#e28296585f305230eaad3b1e346d3ac5ca4c72b3"
  integrity sha512-NIS9sph8ZKdnQxZa5TcggaFs/Qr9zX3brFlGwE0+0Z4EzFIvAFuqLSwNeU4GkEpaX8ndh3ggGmWV7BPPcS3vjQ==

kld-intersections@^0.4.3:
  version "0.4.3"
  resolved "https://registry.yarnpkg.com/kld-intersections/-/kld-intersections-0.4.3.tgz#d59ff2cd2d07739297f78a4372b77e656d9eb4b9"
  integrity sha512-K/x8y26wA2FCpiN0u7lEFGiOghYGAVgN6roj3xJX8ysKIHsz67eCdkcR0c/FLOgNtbVYPmkcCq2g//DI8cUnjQ==
  dependencies:
    kld-affine "^2.0.4"
    kld-polynomial "^0.1.3"

kld-polynomial@0.1.1:
  version "0.1.1"
  resolved "https://registry.yarnpkg.com/kld-polynomial/-/kld-polynomial-0.1.1.tgz#6d7b114db5945409af8e1b6225cd2f0a6b555bd5"
  integrity sha1-bXsRTbWUVAmvjhtiJc0vCmtVW9U=

kld-polynomial@^0.1.3:
  version "0.1.3"
  resolved "https://registry.yarnpkg.com/kld-polynomial/-/kld-polynomial-0.1.3.tgz#7f0f1672331394d6790319e177dc290167772413"
  integrity sha512-aWxY+SlNrKsJN5enBtva1cMlgR68U8vUMSYG/Z+ICzxNBNgkaCvQIt+EnVeIbIk/dq0GPpxVZ0MI//LfXFTzUQ==

line-intersect@^2.1.1:
  version "2.2.4"
  resolved "https://registry.yarnpkg.com/line-intersect/-/line-intersect-2.2.4.tgz#fd1e9a04fc269d42f37ecfc790e0350e6516d929"
  integrity sha512-TzHMalaTXFf1iG8bkcDY8MRsjnQ0EyHlXN1HcGzPk1BaUhEz5IutpWDyMj4Mib5pysbg1yEPrYrd09s+QPImZA==

lodash@^4.17.15:
  version "4.17.20"
  resolved "https://registry.yarnpkg.com/lodash/-/lodash-4.17.20.tgz#b44a9b6297bcb698f1c51a3545a2b3b368d59c52"
  integrity sha512-PlhdFcillOINfeV7Ni6oF1TAEayyZBoZ8bcshTHqOYJYlrqzRK5hagpagky5o4HfCzzd1TRkXPMFq6cKk9rGmA==

loose-envify@^1.0.0, loose-envify@^1.1.0, loose-envify@^1.3.1, loose-envify@^1.4.0:
  version "1.4.0"
  resolved "https://registry.yarnpkg.com/loose-envify/-/loose-envify-1.4.0.tgz#71ee51fa7be4caec1a63839f7e682d8132d30caf"
  integrity sha512-lyuxPGr/Wfhrlem2CL/UcnUc1zcqKAImBDzukY7Y5F/yQiNdko6+fRLevlw1HgMySw7f611UIY408EtxRSoK3Q==
  dependencies:
    js-tokens "^3.0.0 || ^4.0.0"

node-fetch@^1.0.1:
  version "1.7.3"
  resolved "https://registry.yarnpkg.com/node-fetch/-/node-fetch-1.7.3.tgz#980f6f72d85211a5347c6b2bc18c5b84c3eb47ef"
  integrity sha512-NhZ4CsKx7cYm2vSrBAr2PvFOe6sWDf0UYLRqA6svUYg7+/TSfVAu49jYC4BvQ4Sms9SZgdqGBgroqfDhJdTyKQ==
  dependencies:
    encoding "^0.1.11"
    is-stream "^1.0.1"

object-assign@^4.1.0, object-assign@^4.1.1:
  version "4.1.1"
  resolved "https://registry.yarnpkg.com/object-assign/-/object-assign-4.1.1.tgz#2109adc7965887cfc05cbbd442cac8bfbb360863"
  integrity sha1-IQmtx5ZYh8/AXLvUQsrIv7s2CGM=

process-nextick-args@~2.0.0:
  version "2.0.1"
  resolved "https://registry.yarnpkg.com/process-nextick-args/-/process-nextick-args-2.0.1.tgz#7820d9b16120cc55ca9ae7792680ae7dba6d7fe2"
  integrity sha512-3ouUOpQhtgrbOa17J7+uxOTpITYWaGP7/AhoR3+A+/1e9skrzelGi/dXzEYyvbxubEF6Wn2ypscTKiKJFFn1ag==

promise@^7.1.1:
  version "7.3.1"
  resolved "https://registry.yarnpkg.com/promise/-/promise-7.3.1.tgz#064b72602b18f90f29192b8b1bc418ffd1ebd3bf"
  integrity sha512-nolQXZ/4L+bP/UGlkfaIujX9BKxGwmQ9OT4mOt5yvy8iK1h3wqTEJCijzGANTCCl9nWjY41juyAn2K3Q1hLLTg==
  dependencies:
    asap "~2.0.3"

prop-types@^15.5.10:
  version "15.7.2"
  resolved "https://registry.yarnpkg.com/prop-types/-/prop-types-15.7.2.tgz#52c41e75b8c87e72b9d9360e0206b99dcbffa6c5"
  integrity sha512-8QQikdH7//R2vurIJSutZ1smHYTcLpRWEOlHnzcWHmBYrOGUysKwSsrC89BCiFj3CbrfJ/nXFdJepOVrY1GCHQ==
  dependencies:
    loose-envify "^1.4.0"
    object-assign "^4.1.1"
    react-is "^16.8.1"

react-digraph@^7.0.0-alpha.5:
  version "7.0.0-alpha.5"
  resolved "https://registry.yarnpkg.com/react-digraph/-/react-digraph-7.0.0-alpha.5.tgz#9a2c791f8c10e1e92268b2f50f4c95268e7c94e3"
  integrity sha512-V5EK3NnpeONHMJpt5T2Gg5XiX0Y7KiR2f4pqW3Aqn9t/pttpe81pcoDXN1TN6wsHEutO/4SGCk6dcFIz1Keh4A==
  dependencies:
    dagre "^0.8.2"
    fast-deep-equal "^2.0.1"
    html-react-parser "^0.6.1"
    kld-affine "2.0.4"
    kld-intersections "^0.4.3"
    line-intersect "^2.1.1"
    svg-intersections "^0.4.0"

react-dom-core@0.0.4:
  version "0.0.4"
  resolved "https://registry.yarnpkg.com/react-dom-core/-/react-dom-core-0.0.4.tgz#26ef74749c1235993b0e570a83308f323a485b2a"
  integrity sha512-nJoncKG/Ltlv3K7f0uVwX3kEvhrRl3dyKguxpYR3OmFF1REcRHiWWxSkD1hJdgeVfoBFp/DPVp48JZuaQhwLoQ==
  dependencies:
    react "15"

react-dom@^17.0.1:
  version "17.0.1"
  resolved "https://registry.yarnpkg.com/react-dom/-/react-dom-17.0.1.tgz#1de2560474ec9f0e334285662ede52dbc5426fc6"
  integrity sha512-6eV150oJZ9U2t9svnsspTMrWNyHc6chX0KzDeAOXftRa8bNeOKTTfCJ7KorIwenkHd2xqVTBTCZd79yk/lx/Ug==
  dependencies:
    loose-envify "^1.1.0"
    object-assign "^4.1.1"
    scheduler "^0.20.1"

react-is@^16.8.1:
  version "16.13.1"
  resolved "https://registry.yarnpkg.com/react-is/-/react-is-16.13.1.tgz#789729a4dc36de2999dc156dd6c1d9c18cea56a4"
  integrity sha512-24e6ynE2H+OKt4kqsOvNd8kBpV65zoxbA4BVsEOB3ARVWQki/DHzaUoC5KuON/BiccDaCCTZBuOcfZs70kR8bQ==

react@15:
  version "15.7.0"
  resolved "https://registry.yarnpkg.com/react/-/react-15.7.0.tgz#10308fd42ac6912a250bf00380751abc41ac7106"
  integrity sha512-5/MMRYmpmM0sMTHGLossnJCrmXQIiJilD6y3YN3TzAwGFj6zdnMtFv6xmi65PHKRV+pehIHpT7oy67Sr6s9AHA==
  dependencies:
    create-react-class "^15.6.0"
    fbjs "^0.8.9"
    loose-envify "^1.1.0"
    object-assign "^4.1.0"
    prop-types "^15.5.10"

react@^17.0.1:
  version "17.0.1"
  resolved "https://registry.yarnpkg.com/react/-/react-17.0.1.tgz#6e0600416bd57574e3f86d92edba3d9008726127"
  integrity sha512-lG9c9UuMHdcAexXtigOZLX8exLWkW0Ku29qPRU8uhF2R9BN96dLCt0psvzPLlHc5OWkgymP3qwTRgbnw5BKx3w==
  dependencies:
    loose-envify "^1.1.0"
    object-assign "^4.1.1"

readable-stream@^2.0.2:
  version "2.3.7"
  resolved "https://registry.yarnpkg.com/readable-stream/-/readable-stream-2.3.7.tgz#1eca1cf711aef814c04f62252a36a62f6cb23b57"
  integrity sha512-Ebho8K4jIbHAxnuxi7o42OrZgF/ZTNcsZj6nRKyUmkhLFq8CHItp/fy6hQZuZmP/n3yZ9VBUbp4zz/mX8hmYPw==
  dependencies:
    core-util-is "~1.0.0"
    inherits "~2.0.3"
    isarray "~1.0.0"
    process-nextick-args "~2.0.0"
    safe-buffer "~5.1.1"
    string_decoder "~1.1.1"
    util-deprecate "~1.0.1"

resolve-url@^0.2.1:
  version "0.2.1"
  resolved "https://registry.yarnpkg.com/resolve-url/-/resolve-url-0.2.1.tgz#2c637fe77c893afd2a663fe21aa9080068e2052a"
  integrity sha1-LGN/53yJOv0qZj/iGqkIAGjiBSo=

safe-buffer@~5.1.0, safe-buffer@~5.1.1:
  version "5.1.2"
  resolved "https://registry.yarnpkg.com/safe-buffer/-/safe-buffer-5.1.2.tgz#991ec69d296e0313747d59bdfd2b745c35f8828d"
  integrity sha512-Gd2UZBJDkXlY7GbJxfsE8/nvKkUEU1G38c1siN6QP6a9PT9MmHB8GnpscSmMJSoF8LOIrt8ud/wPtojys4G6+g==

"safer-buffer@>= 2.1.2 < 3.0.0":
  version "2.1.2"
  resolved "https://registry.yarnpkg.com/safer-buffer/-/safer-buffer-2.1.2.tgz#44fa161b0187b9549dd84bb91802f9bd8385cd6a"
  integrity sha512-YZo3K82SD7Riyi0E1EQPojLz7kpepnSQI9IyPbHHg1XXXevb5dJI7tpyN2ADxGcQbHG7vcyRHk0cbwqcQriUtg==

scheduler@^0.20.1:
  version "0.20.1"
  resolved "https://registry.yarnpkg.com/scheduler/-/scheduler-0.20.1.tgz#da0b907e24026b01181ecbc75efdc7f27b5a000c"
  integrity sha512-LKTe+2xNJBNxu/QhHvDR14wUXHRQbVY5ZOYpOGWRzhydZUqrLb2JBvLPY7cAqFmqrWuDED0Mjk7013SZiOz6Bw==
  dependencies:
    loose-envify "^1.1.0"
    object-assign "^4.1.1"

setimmediate@^1.0.5:
  version "1.0.5"
  resolved "https://registry.yarnpkg.com/setimmediate/-/setimmediate-1.0.5.tgz#290cbb232e306942d7d7ea9b83732ab7856f8285"
  integrity sha1-KQy7Iy4waULX1+qbg3Mqt4VvgoU=

source-map-resolve@^0.5.2:
  version "0.5.3"
  resolved "https://registry.yarnpkg.com/source-map-resolve/-/source-map-resolve-0.5.3.tgz#190866bece7553e1f8f267a2ee82c606b5509a1a"
  integrity sha512-Htz+RnsXWk5+P2slx5Jh3Q66vhQj1Cllm0zvnaY98+NFx+Dv2CF/f5O/t8x+KaNdrdIAsruNzoh/KpialbqAnw==
  dependencies:
    atob "^2.1.2"
    decode-uri-component "^0.2.0"
    resolve-url "^0.2.1"
    source-map-url "^0.4.0"
    urix "^0.1.0"

source-map-url@^0.4.0:
  version "0.4.0"
  resolved "https://registry.yarnpkg.com/source-map-url/-/source-map-url-0.4.0.tgz#3e935d7ddd73631b97659956d55128e87b5084a3"
  integrity sha1-PpNdfd1zYxuXZZlW1VEo6HtQhKM=

source-map@^0.6.1:
  version "0.6.1"
  resolved "https://registry.yarnpkg.com/source-map/-/source-map-0.6.1.tgz#74722af32e9614e9c287a8d0bbde48b5e2f1a263"
  integrity sha512-UjgapumWlbMhkBgzT7Ykc5YXUT46F0iKu8SGXq0bcwP5dz/h0Plj6enJqjz1Zbq2l5WaqYnrVbwWOWMyF3F47g==

string_decoder@~1.1.1:
  version "1.1.1"
  resolved "https://registry.yarnpkg.com/string_decoder/-/string_decoder-1.1.1.tgz#9cf1611ba62685d7030ae9e4ba34149c3af03fc8"
  integrity sha512-n/ShnvDi6FHbbVfviro+WojiFzv+s8MPMHBczVePfUpDJLwoLT0ht1l4YwBCbi8pJAveEEdnkHyPyTP/mzRfwg==
  dependencies:
    safe-buffer "~5.1.0"

style-to-object@0.2.2:
  version "0.2.2"
  resolved "https://registry.yarnpkg.com/style-to-object/-/style-to-object-0.2.2.tgz#3ea3b276bd3fa9da1195fcdcdd03bc52aa2aae01"
  integrity sha512-GcbtvfsqyKmIPpHeOHZ5Rmwsx2MDJct4W9apmTGcbPTbpA2FcgTFl2Z43Hm4Qb61MWGPNK8Chki7ITiY7lLOow==
  dependencies:
    css "2.2.4"

svg-intersections@^0.4.0:
  version "0.4.0"
  resolved "https://registry.yarnpkg.com/svg-intersections/-/svg-intersections-0.4.0.tgz#1d491530988974b1923d04a10bd59cc04ec150ff"
  integrity sha512-w/OhJFvOlpy8Qyf+IuNB6uk3EhwkzHzrbqnbD8ktgvVf3zk+VotPWOsUQtYOV9zSLEYWq0jFEh/uah/qVSzMiQ==
  dependencies:
    kld-affine "2.0.0"
    kld-polynomial "0.1.1"

ua-parser-js@^0.7.18:
  version "0.7.22"
  resolved "https://registry.yarnpkg.com/ua-parser-js/-/ua-parser-js-0.7.22.tgz#960df60a5f911ea8f1c818f3747b99c6e177eae3"
  integrity sha512-YUxzMjJ5T71w6a8WWVcMGM6YWOTX27rCoIQgLXiWaxqXSx9D7DNjiGWn1aJIRSQ5qr0xuhra77bSIh6voR/46Q==

urix@^0.1.0:
  version "0.1.0"
  resolved "https://registry.yarnpkg.com/urix/-/urix-0.1.0.tgz#da937f7a62e21fec1fd18d49b35c2935067a6c72"
  integrity sha1-2pN/emLiH+wf0Y1Js1wpNQZ6bHI=

util-deprecate@~1.0.1:
  version "1.0.2"
  resolved "https://registry.yarnpkg.com/util-deprecate/-/util-deprecate-1.0.2.tgz#450d4dc9fa70de732762fbd2d4a28981419a0ccf"
  integrity sha1-RQ1Nyfpw3nMnYvvS1KKJgUGaDM8=

whatwg-fetch@>=0.10.0:
  version "3.5.0"
  resolved "https://registry.yarnpkg.com/whatwg-fetch/-/whatwg-fetch-3.5.0.tgz#605a2cd0a7146e5db141e29d1c62ab84c0c4c868"
  integrity sha512-jXkLtsR42xhXg7akoDKvKWE40eJeI+2KZqcp2h3NsOrRnDvtWX36KcKl30dy+hxECivdk2BVUHVNrPtoMBUx6A==
